// !$*UTF8*$!
{
	archiveVersion = 1;
	classes = {
	};
	objectVersion = 46;
	objects = {

/* Begin PBXBuildFile section */
		EB63A2AA1F259ACA00257844 /* AppDelegate.swift in Sources */ = {isa = PBXBuildFile; fileRef = EB63A2A91F259ACA00257844 /* AppDelegate.swift */; };
		EB63A2AC1F259ACA00257844 /* ViewController.swift in Sources */ = {isa = PBXBuildFile; fileRef = EB63A2AB1F259ACA00257844 /* ViewController.swift */; };
		EB63A2AF1F259ACA00257844 /* Main.storyboard in Resources */ = {isa = PBXBuildFile; fileRef = EB63A2AD1F259ACA00257844 /* Main.storyboard */; };
		EB63A2B11F259ACA00257844 /* Assets.xcassets in Resources */ = {isa = PBXBuildFile; fileRef = EB63A2B01F259ACA00257844 /* Assets.xcassets */; };
		EB63A2B41F259ACA00257844 /* LaunchScreen.storyboard in Resources */ = {isa = PBXBuildFile; fileRef = EB63A2B21F259ACA00257844 /* LaunchScreen.storyboard */; };
		EB63A2D41F25BB8400257844 /* Alamofire.framework in Frameworks */ = {isa = PBXBuildFile; fileRef = EB63A2C71F25A5D800257844 /* Alamofire.framework */; };
		EB63A2D51F25BB8400257844 /* Alamofire.framework in Embed Frameworks */ = {isa = PBXBuildFile; fileRef = EB63A2C71F25A5D800257844 /* Alamofire.framework */; settings = {ATTRIBUTES = (CodeSignOnCopy, RemoveHeadersOnCopy, ); }; };
		EB6D6B1E1F2ED7DB005FA4A4 /* httpbin.org.json.swift in Sources */ = {isa = PBXBuildFile; fileRef = EB6D6B1D1F2ED7DB005FA4A4 /* httpbin.org.json.swift */; };
		EB6D6B4C1F2F0733005FA4A4 /* api.github.com.json.swift in Sources */ = {isa = PBXBuildFile; fileRef = EB6D6B4B1F2F0733005FA4A4 /* api.github.com.json.swift */; };
/* End PBXBuildFile section */

/* Begin PBXContainerItemProxy section */
		EB63A2C61F25A5D800257844 /* PBXContainerItemProxy */ = {
			isa = PBXContainerItemProxy;
			containerPortal = EB63A2BB1F25A5D800257844 /* Alamofire.xcodeproj */;
			proxyType = 2;
			remoteGlobalIDString = F8111E3319A95C8B0040E7D1;
			remoteInfo = "Alamofire iOS";
		};
		EB63A2C81F25A5D800257844 /* PBXContainerItemProxy */ = {
			isa = PBXContainerItemProxy;
			containerPortal = EB63A2BB1F25A5D800257844 /* Alamofire.xcodeproj */;
			proxyType = 2;
			remoteGlobalIDString = F8111E3E19A95C8B0040E7D1;
			remoteInfo = "Alamofire iOS Tests";
		};
		EB63A2CA1F25A5D800257844 /* PBXContainerItemProxy */ = {
			isa = PBXContainerItemProxy;
			containerPortal = EB63A2BB1F25A5D800257844 /* Alamofire.xcodeproj */;
			proxyType = 2;
			remoteGlobalIDString = 4DD67C0B1A5C55C900ED2280;
			remoteInfo = "Alamofire macOS";
		};
		EB63A2CC1F25A5D800257844 /* PBXContainerItemProxy */ = {
			isa = PBXContainerItemProxy;
			containerPortal = EB63A2BB1F25A5D800257844 /* Alamofire.xcodeproj */;
			proxyType = 2;
			remoteGlobalIDString = F829C6B21A7A94F100A2CD59;
			remoteInfo = "Alamofire macOS Tests";
		};
		EB63A2CE1F25A5D800257844 /* PBXContainerItemProxy */ = {
			isa = PBXContainerItemProxy;
			containerPortal = EB63A2BB1F25A5D800257844 /* Alamofire.xcodeproj */;
			proxyType = 2;
			remoteGlobalIDString = 4CF626EF1BA7CB3E0011A099;
			remoteInfo = "Alamofire tvOS";
		};
		EB63A2D01F25A5D800257844 /* PBXContainerItemProxy */ = {
			isa = PBXContainerItemProxy;
			containerPortal = EB63A2BB1F25A5D800257844 /* Alamofire.xcodeproj */;
			proxyType = 2;
			remoteGlobalIDString = 4CF626F81BA7CB3E0011A099;
			remoteInfo = "Alamofire tvOS Tests";
		};
		EB63A2D21F25A5D800257844 /* PBXContainerItemProxy */ = {
			isa = PBXContainerItemProxy;
			containerPortal = EB63A2BB1F25A5D800257844 /* Alamofire.xcodeproj */;
			proxyType = 2;
			remoteGlobalIDString = E4202FE01B667AA100C997FB;
			remoteInfo = "Alamofire watchOS";
		};
		EB63A2D61F25BB8400257844 /* PBXContainerItemProxy */ = {
			isa = PBXContainerItemProxy;
			containerPortal = EB63A2BB1F25A5D800257844 /* Alamofire.xcodeproj */;
			proxyType = 1;
			remoteGlobalIDString = F8111E3219A95C8B0040E7D1;
			remoteInfo = "Alamofire iOS";
		};
/* End PBXContainerItemProxy section */

/* Begin PBXCopyFilesBuildPhase section */
		EB63A2D81F25BB8400257844 /* Embed Frameworks */ = {
			isa = PBXCopyFilesBuildPhase;
			buildActionMask = 2147483647;
			dstPath = "";
			dstSubfolderSpec = 10;
			files = (
				EB63A2D51F25BB8400257844 /* Alamofire.framework in Embed Frameworks */,
			);
			name = "Embed Frameworks";
			runOnlyForDeploymentPostprocessing = 0;
		};
/* End PBXCopyFilesBuildPhase section */

/* Begin PBXFileReference section */
		EB63A2A61F259ACA00257844 /* CloudsAPP.app */ = {isa = PBXFileReference; explicitFileType = wrapper.application; includeInIndex = 0; path = CloudsAPP.app; sourceTree = BUILT_PRODUCTS_DIR; };
		EB63A2A91F259ACA00257844 /* AppDelegate.swift */ = {isa = PBXFileReference; lastKnownFileType = sourcecode.swift; path = AppDelegate.swift; sourceTree = "<group>"; };
		EB63A2AB1F259ACA00257844 /* ViewController.swift */ = {isa = PBXFileReference; lastKnownFileType = sourcecode.swift; path = ViewController.swift; sourceTree = "<group>"; };
		EB63A2AE1F259ACA00257844 /* Base */ = {isa = PBXFileReference; lastKnownFileType = file.storyboard; name = Base; path = Base.lproj/Main.storyboard; sourceTree = "<group>"; };
		EB63A2B01F259ACA00257844 /* Assets.xcassets */ = {isa = PBXFileReference; lastKnownFileType = folder.assetcatalog; path = Assets.xcassets; sourceTree = "<group>"; };
		EB63A2B31F259ACA00257844 /* Base */ = {isa = PBXFileReference; lastKnownFileType = file.storyboard; name = Base; path = Base.lproj/LaunchScreen.storyboard; sourceTree = "<group>"; };
		EB63A2B51F259ACA00257844 /* Info.plist */ = {isa = PBXFileReference; lastKnownFileType = text.plist.xml; path = Info.plist; sourceTree = "<group>"; };
		EB63A2BB1F25A5D800257844 /* Alamofire.xcodeproj */ = {isa = PBXFileReference; lastKnownFileType = "wrapper.pb-project"; name = Alamofire.xcodeproj; path = Alamofire/Alamofire.xcodeproj; sourceTree = "<group>"; };
		EB6D6B1D1F2ED7DB005FA4A4 /* httpbin.org.json.swift */ = {isa = PBXFileReference; fileEncoding = 4; lastKnownFileType = sourcecode.swift; name = httpbin.org.json.swift; path = ../httpbin.org.json.swift; sourceTree = "<group>"; };
		EB6D6B4B1F2F0733005FA4A4 /* api.github.com.json.swift */ = {isa = PBXFileReference; fileEncoding = 4; lastKnownFileType = sourcecode.swift; path = api.github.com.json.swift; sourceTree = "<group>"; };
/* End PBXFileReference section */

/* Begin PBXFrameworksBuildPhase section */
		EB63A2A31F259ACA00257844 /* Frameworks */ = {
			isa = PBXFrameworksBuildPhase;
			buildActionMask = 2147483647;
			files = (
				EB63A2D41F25BB8400257844 /* Alamofire.framework in Frameworks */,
			);
			runOnlyForDeploymentPostprocessing = 0;
		};
/* End PBXFrameworksBuildPhase section */

/* Begin PBXGroup section */
		EB63A29D1F259ACA00257844 = {
			isa = PBXGroup;
			children = (
				EB63A2BB1F25A5D800257844 /* Alamofire.xcodeproj */,
				EB63A2A81F259ACA00257844 /* CloudsAPP */,
				EB63A2A71F259ACA00257844 /* Products */,
			);
			sourceTree = "<group>";
		};
		EB63A2A71F259ACA00257844 /* Products */ = {
			isa = PBXGroup;
			children = (
				EB63A2A61F259ACA00257844 /* CloudsAPP.app */,
			);
			name = Products;
			sourceTree = "<group>";
		};
		EB63A2A81F259ACA00257844 /* CloudsAPP */ = {
			isa = PBXGroup;
			children = (
				EB63A2A91F259ACA00257844 /* AppDelegate.swift */,
				EB63A2AB1F259ACA00257844 /* ViewController.swift */,
				EB6D6B1D1F2ED7DB005FA4A4 /* httpbin.org.json.swift */,
				EB6D6B4B1F2F0733005FA4A4 /* api.github.com.json.swift */,
				EB63A2AD1F259ACA00257844 /* Main.storyboard */,
				EB63A2B01F259ACA00257844 /* Assets.xcassets */,
				EB63A2B21F259ACA00257844 /* LaunchScreen.storyboard */,
				EB63A2B51F259ACA00257844 /* Info.plist */,
			);
			path = CloudsAPP;
			sourceTree = "<group>";
		};
		EB63A2BC1F25A5D800257844 /* Products */ = {
			isa = PBXGroup;
			children = (
				EB63A2C71F25A5D800257844 /* Alamofire.framework */,
				EB63A2C91F25A5D800257844 /* Alamofire iOS Tests.xctest */,
				EB63A2CB1F25A5D800257844 /* Alamofire.framework */,
				EB63A2CD1F25A5D800257844 /* Alamofire macOS Tests.xctest */,
				EB63A2CF1F25A5D800257844 /* Alamofire.framework */,
				EB63A2D11F25A5D800257844 /* Alamofire tvOS Tests.xctest */,
				EB63A2D31F25A5D800257844 /* Alamofire.framework */,
			);
			name = Products;
			sourceTree = "<group>";
		};
/* End PBXGroup section */

/* Begin PBXNativeTarget section */
		EB63A2A51F259ACA00257844 /* CloudsAPP */ = {
			isa = PBXNativeTarget;
			buildConfigurationList = EB63A2B81F259ACA00257844 /* Build configuration list for PBXNativeTarget "CloudsAPP" */;
			buildPhases = (
				EB63A2A21F259ACA00257844 /* Sources */,
				EB63A2A31F259ACA00257844 /* Frameworks */,
				EB63A2A41F259ACA00257844 /* Resources */,
				EB63A2D81F25BB8400257844 /* Embed Frameworks */,
			);
			buildRules = (
			);
			dependencies = (
				EB63A2D71F25BB8400257844 /* PBXTargetDependency */,
			);
			name = CloudsAPP;
			productName = CloudsAPP;
			productReference = EB63A2A61F259ACA00257844 /* CloudsAPP.app */;
			productType = "com.apple.product-type.application";
		};
/* End PBXNativeTarget section */

/* Begin PBXProject section */
		EB63A29E1F259ACA00257844 /* Project object */ = {
			isa = PBXProject;
			attributes = {
				LastSwiftUpdateCheck = 0830;
				LastUpgradeCheck = 0830;
				ORGANIZATIONNAME = sale;
				TargetAttributes = {
					EB63A2A51F259ACA00257844 = {
						CreatedOnToolsVersion = 8.3.2;
						DevelopmentTeam = BL2F95B245;
						ProvisioningStyle = Automatic;
					};
				};
			};
			buildConfigurationList = EB63A2A11F259ACA00257844 /* Build configuration list for PBXProject "CloudsAPP" */;
			compatibilityVersion = "Xcode 3.2";
			developmentRegion = English;
			hasScannedForEncodings = 0;
			knownRegions = (
				en,
				Base,
			);
			mainGroup = EB63A29D1F259ACA00257844;
			productRefGroup = EB63A2A71F259ACA00257844 /* Products */;
			projectDirPath = "";
			projectReferences = (
				{
					ProductGroup = EB63A2BC1F25A5D800257844 /* Products */;
					ProjectRef = EB63A2BB1F25A5D800257844 /* Alamofire.xcodeproj */;
				},
			);
			projectRoot = "";
			targets = (
				EB63A2A51F259ACA00257844 /* CloudsAPP */,
			);
		};
/* End PBXProject section */

/* Begin PBXReferenceProxy section */
		EB63A2C71F25A5D800257844 /* Alamofire.framework */ = {
			isa = PBXReferenceProxy;
			fileType = wrapper.framework;
			path = Alamofire.framework;
			remoteRef = EB63A2C61F25A5D800257844 /* PBXContainerItemProxy */;
			sourceTree = BUILT_PRODUCTS_DIR;
		};
		EB63A2C91F25A5D800257844 /* Alamofire iOS Tests.xctest */ = {
			isa = PBXReferenceProxy;
			fileType = wrapper.cfbundle;
			path = "Alamofire iOS Tests.xctest";
			remoteRef = EB63A2C81F25A5D800257844 /* PBXContainerItemProxy */;
			sourceTree = BUILT_PRODUCTS_DIR;
		};
		EB63A2CB1F25A5D800257844 /* Alamofire.framework */ = {
			isa = PBXReferenceProxy;
			fileType = wrapper.framework;
			path = Alamofire.framework;
			remoteRef = EB63A2CA1F25A5D800257844 /* PBXContainerItemProxy */;
			sourceTree = BUILT_PRODUCTS_DIR;
		};
		EB63A2CD1F25A5D800257844 /* Alamofire macOS Tests.xctest */ = {
			isa = PBXReferenceProxy;
			fileType = wrapper.cfbundle;
			path = "Alamofire macOS Tests.xctest";
			remoteRef = EB63A2CC1F25A5D800257844 /* PBXContainerItemProxy */;
			sourceTree = BUILT_PRODUCTS_DIR;
		};
		EB63A2CF1F25A5D800257844 /* Alamofire.framework */ = {
			isa = PBXReferenceProxy;
			fileType = wrapper.framework;
			path = Alamofire.framework;
			remoteRef = EB63A2CE1F25A5D800257844 /* PBXContainerItemProxy */;
			sourceTree = BUILT_PRODUCTS_DIR;
		};
		EB63A2D11F25A5D800257844 /* Alamofire tvOS Tests.xctest */ = {
			isa = PBXReferenceProxy;
			fileType = wrapper.cfbundle;
			path = "Alamofire tvOS Tests.xctest";
			remoteRef = EB63A2D01F25A5D800257844 /* PBXContainerItemProxy */;
			sourceTree = BUILT_PRODUCTS_DIR;
		};
		EB63A2D31F25A5D800257844 /* Alamofire.framework */ = {
			isa = PBXReferenceProxy;
			fileType = wrapper.framework;
			path = Alamofire.framework;
			remoteRef = EB63A2D21F25A5D800257844 /* PBXContainerItemProxy */;
			sourceTree = BUILT_PRODUCTS_DIR;
		};
/* End PBXReferenceProxy section */

/* Begin PBXResourcesBuildPhase section */
		EB63A2A41F259ACA00257844 /* Resources */ = {
			isa = PBXResourcesBuildPhase;
			buildActionMask = 2147483647;
			files = (
				EB63A2B41F259ACA00257844 /* LaunchScreen.storyboard in Resources */,
				EB63A2B11F259ACA00257844 /* Assets.xcassets in Resources */,
				EB63A2AF1F259ACA00257844 /* Main.storyboard in Resources */,
			);
			runOnlyForDeploymentPostprocessing = 0;
		};
/* End PBXResourcesBuildPhase section */

/* Begin PBXSourcesBuildPhase section */
		EB63A2A21F259ACA00257844 /* Sources */ = {
			isa = PBXSourcesBuildPhase;
			buildActionMask = 2147483647;
			files = (
				EB6D6B4C1F2F0733005FA4A4 /* api.github.com.json.swift in Sources */,
				EB63A2AC1F259ACA00257844 /* ViewController.swift in Sources */,
				EB63A2AA1F259ACA00257844 /* AppDelegate.swift in Sources */,
				EB6D6B1E1F2ED7DB005FA4A4 /* httpbin.org.json.swift in Sources */,
			);
			runOnlyForDeploymentPostprocessing = 0;
		};
/* End PBXSourcesBuildPhase section */

/* Begin PBXTargetDependency section */
		EB63A2D71F25BB8400257844 /* PBXTargetDependency */ = {
			isa = PBXTargetDependency;
			name = "Alamofire iOS";
			targetProxy = EB63A2D61F25BB8400257844 /* PBXContainerItemProxy */;
		};
/* End PBXTargetDependency section */

/* Begin PBXVariantGroup section */
		EB63A2AD1F259ACA00257844 /* Main.storyboard */ = {
			isa = PBXVariantGroup;
			children = (
				EB63A2AE1F259ACA00257844 /* Base */,
			);
			name = Main.storyboard;
			sourceTree = "<group>";
		};
		EB63A2B21F259ACA00257844 /* LaunchScreen.storyboard */ = {
			isa = PBXVariantGroup;
			children = (
				EB63A2B31F259ACA00257844 /* Base */,
			);
			name = LaunchScreen.storyboard;
			sourceTree = "<group>";
		};
/* End PBXVariantGroup section */

/* Begin XCBuildConfiguration section */
		EB63A2B61F259ACA00257844 /* Debug */ = {
			isa = XCBuildConfiguration;
			buildSettings = {
				ALWAYS_SEARCH_USER_PATHS = NO;
				CLANG_ANALYZER_NONNULL = YES;
				CLANG_ANALYZER_NUMBER_OBJECT_CONVERSION = YES_AGGRESSIVE;
				CLANG_CXX_LANGUAGE_STANDARD = "gnu++0x";
				CLANG_CXX_LIBRARY = "libc++";
				CLANG_ENABLE_MODULES = YES;
				CLANG_ENABLE_OBJC_ARC = YES;
				CLANG_WARN_BOOL_CONVERSION = YES;
				CLANG_WARN_CONSTANT_CONVERSION = YES;
				CLANG_WARN_DIRECT_OBJC_ISA_USAGE = YES_ERROR;
				CLANG_WARN_DOCUMENTATION_COMMENTS = YES;
				CLANG_WARN_EMPTY_BODY = YES;
				CLANG_WARN_ENUM_CONVERSION = YES;
				CLANG_WARN_INFINITE_RECURSION = YES;
				CLANG_WARN_INT_CONVERSION = YES;
				CLANG_WARN_OBJC_ROOT_CLASS = YES_ERROR;
				CLANG_WARN_SUSPICIOUS_MOVE = YES;
				CLANG_WARN_UNREACHABLE_CODE = YES;
				CLANG_WARN__DUPLICATE_METHOD_MATCH = YES;
				"CODE_SIGN_IDENTITY[sdk=iphoneos*]" = "iPhone Developer";
				COPY_PHASE_STRIP = NO;
				DEBUG_INFORMATION_FORMAT = dwarf;
				ENABLE_STRICT_OBJC_MSGSEND = YES;
				ENABLE_TESTABILITY = YES;
				GCC_C_LANGUAGE_STANDARD = gnu99;
				GCC_DYNAMIC_NO_PIC = NO;
				GCC_NO_COMMON_BLOCKS = YES;
				GCC_OPTIMIZATION_LEVEL = 0;
				GCC_PREPROCESSOR_DEFINITIONS = (
					"DEBUG=1",
					"$(inherited)",
				);
				GCC_WARN_64_TO_32_BIT_CONVERSION = YES;
				GCC_WARN_ABOUT_RETURN_TYPE = YES_ERROR;
				GCC_WARN_UNDECLARED_SELECTOR = YES;
				GCC_WARN_UNINITIALIZED_AUTOS = YES_AGGRESSIVE;
				GCC_WARN_UNUSED_FUNCTION = YES;
				GCC_WARN_UNUSED_VARIABLE = YES;
				IPHONEOS_DEPLOYMENT_TARGET = 10.3;
				MTL_ENABLE_DEBUG_INFO = YES;
				ONLY_ACTIVE_ARCH = YES;
				SDKROOT = iphoneos;
				SWIFT_ACTIVE_COMPILATION_CONDITIONS = DEBUG;
				SWIFT_OPTIMIZATION_LEVEL = "-Onone";
				TARGETED_DEVICE_FAMILY = "1,2";
			};
			name = Debug;
		};
		EB63A2B71F259ACA00257844 /* Release */ = {
			isa = XCBuildConfiguration;
			buildSettings = {
				ALWAYS_SEARCH_USER_PATHS = NO;
				CLANG_ANALYZER_NONNULL = YES;
				CLANG_ANALYZER_NUMBER_OBJECT_CONVERSION = YES_AGGRESSIVE;
				CLANG_CXX_LANGUAGE_STANDARD = "gnu++0x";
				CLANG_CXX_LIBRARY = "libc++";
				CLANG_ENABLE_MODULES = YES;
				CLANG_ENABLE_OBJC_ARC = YES;
				CLANG_WARN_BOOL_CONVERSION = YES;
				CLANG_WARN_CONSTANT_CONVERSION = YES;
				CLANG_WARN_DIRECT_OBJC_ISA_USAGE = YES_ERROR;
				CLANG_WARN_DOCUMENTATION_COMMENTS = YES;
				CLANG_WARN_EMPTY_BODY = YES;
				CLANG_WARN_ENUM_CONVERSION = YES;
				CLANG_WARN_INFINITE_RECURSION = YES;
				CLANG_WARN_INT_CONVERSION = YES;
				CLANG_WARN_OBJC_ROOT_CLASS = YES_ERROR;
				CLANG_WARN_SUSPICIOUS_MOVE = YES;
				CLANG_WARN_UNREACHABLE_CODE = YES;
				CLANG_WARN__DUPLICATE_METHOD_MATCH = YES;
				"CODE_SIGN_IDENTITY[sdk=iphoneos*]" = "iPhone Developer";
				COPY_PHASE_STRIP = NO;
				DEBUG_INFORMATION_FORMAT = "dwarf-with-dsym";
				ENABLE_NS_ASSERTIONS = NO;
				ENABLE_STRICT_OBJC_MSGSEND = YES;
				GCC_C_LANGUAGE_STANDARD = gnu99;
				GCC_NO_COMMON_BLOCKS = YES;
				GCC_WARN_64_TO_32_BIT_CONVERSION = YES;
				GCC_WARN_ABOUT_RETURN_TYPE = YES_ERROR;
				GCC_WARN_UNDECLARED_SELECTOR = YES;
				GCC_WARN_UNINITIALIZED_AUTOS = YES_AGGRESSIVE;
				GCC_WARN_UNUSED_FUNCTION = YES;
				GCC_WARN_UNUSED_VARIABLE = YES;
				IPHONEOS_DEPLOYMENT_TARGET = 10.3;
				MTL_ENABLE_DEBUG_INFO = NO;
				SDKROOT = iphoneos;
				SWIFT_OPTIMIZATION_LEVEL = "-Owholemodule";
				TARGETED_DEVICE_FAMILY = "1,2";
				VALIDATE_PRODUCT = YES;
			};
			name = Release;
		};
		EB63A2B91F259ACA00257844 /* Debug */ = {
			isa = XCBuildConfiguration;
			buildSettings = {
				ALWAYS_EMBED_SWIFT_STANDARD_LIBRARIES = YES;
				ASSETCATALOG_COMPILER_APPICON_NAME = AppIcon;
				DEVELOPMENT_TEAM = BL2F95B245;
				INFOPLIST_FILE = CloudsAPP/Info.plist;
				LD_RUNPATH_SEARCH_PATHS = "$(inherited) @executable_path/Frameworks";
				PRODUCT_BUNDLE_IDENTIFIER = com.EPIP.CloudsAPP;
				PRODUCT_NAME = "$(TARGET_NAME)";
				SWIFT_VERSION = 3.0;
			};
			name = Debug;
		};
		EB63A2BA1F259ACA00257844 /* Release */ = {
			isa = XCBuildConfiguration;
			buildSettings = {
				ALWAYS_EMBED_SWIFT_STANDARD_LIBRARIES = YES;
				ASSETCATALOG_COMPILER_APPICON_NAME = AppIcon;
				DEVELOPMENT_TEAM = BL2F95B245;
				INFOPLIST_FILE = CloudsAPP/Info.plist;
				LD_RUNPATH_SEARCH_PATHS = "$(inherited) @executable_path/Frameworks";
				PRODUCT_BUNDLE_IDENTIFIER = com.EPIP.CloudsAPP;
				PRODUCT_NAME = "$(TARGET_NAME)";
				SWIFT_VERSION = 3.0;
			};
			name = Release;
		};
/* End XCBuildConfiguration section */

/* Begin XCConfigurationList section */
		EB63A2A11F259ACA00257844 /* Build configuration list for PBXProject "CloudsAPP" */ = {
			isa = XCConfigurationList;
			buildConfigurations = (
				EB63A2B61F259ACA00257844 /* Debug */,
				EB63A2B71F259ACA00257844 /* Release */,
			);
			defaultConfigurationIsVisible = 0;
			defaultConfigurationName = Release;
		};
		EB63A2B81F259ACA00257844 /* Build configuration list for PBXNativeTarget "CloudsAPP" */ = {
			isa = XCConfigurationList;
			buildConfigurations = (
				EB63A2B91F259ACA00257844 /* Debug */,
				EB63A2BA1F259ACA00257844 /* Release */,
			);
			defaultConfigurationIsVisible = 0;
			defaultConfigurationName = Release;
		};
/* End XCConfigurationList section */
	};
	rootObject = EB63A29E1F259ACA00257844 /* Project object */;
}
